{
	"name": "updateuserinfo",
	"version": "1.0.0",
	"lockfileVersion": 2,
	"requires": true,
	"packages": {
		"": {
			"name": "updateuserinfo",
			"version": "1.0.0",
			"license": "ISC",
			"dependencies": {
				"wx-common": "file:../common/wx-common"
			}
		},
		"../common/wx-common": {
			"version": "1.0.0",
			"license": "ISC",
			"dependencies": {
				"jsonwebtoken": "^8.5.1"
			}
		},
		"node_modules/wx-common": {
			"resolved": "../common/wx-common",
			"link": true
		}
	},
	"dependencies": {
		"wx-common": {
			"version": "file:../common/wx-common",
			"requires": {
				"jsonwebtoken": "^8.5.1"
			}
		}
	}
}
